<?xml version="1.0" encoding="UTF-8" standalone="yes" ?>
<CodeBlocks_project_file>
	<FileVersion major="1" minor="6" />
	<Project>
		<Option title="Mastermind" />
		<Option platforms="Windows;" />
		<Option pch_mode="2" />
		<Option compiler="gcc" />
		<Build>
			<Target title="Debug">
				<Option output="bin/Debug/mastermind" prefix_auto="1" extension_auto="1" />
				<Option object_output="obj/Debug/" />
				<Option type="1" />
				<Option compiler="gcc" />
				<Compiler>
					<Add option="-g" />
				</Compiler>
			</Target>
			<Target title="Release">
				<Option output="bin/Release/mastermind" prefix_auto="1" extension_auto="1" />
				<Option object_output="obj/Release/" />
				<Option type="1" />
				<Option compiler="gcc" />
				<Compiler>
					<Add option="-O2" />
				</Compiler>
				<Linker>
					<Add option="-s" />
				</Linker>
			</Target>
		</Build>
		<Compiler>
			<Add option="-Wall" />
		</Compiler>
		<Unit filename="icon.rc">
			<Option compilerVar="WINDRES" />
		</Unit>
		<Unit filename="src/colors.h" />
		<Unit filename="src/game.c">
			<Option compilerVar="CC" />
		</Unit>
		<Unit filename="src/game.h" />
		<Unit filename="src/main.c">
			<Option compilerVar="CC" />
		</Unit>
		<Unit filename="src/menu.c">
			<Option compilerVar="CC" />
		</Unit>
		<Unit filename="src/menu.h" />
		<Unit filename="src/ranking.c">
			<Option compilerVar="CC" />
		</Unit>
		<Unit filename="src/ranking.h" />
		<Unit filename="src/settings.h" />
		<Unit filename="src/util.c">
			<Option compilerVar="CC" />
		</Unit>
		<Unit filename="src/util.h" />
		<Extensions>
			<code_completion />
			<envvars />
			<debugger />
			<lib_finder disable_auto="1" />
		</Extensions>
	</Project>
</CodeBlocks_project_file>
